
Microsoft Visual Studio Solution File, Format Version 12.00
# Visual Studio Version 17
VisualStudioVersion = 17.5.002.0
MinimumVisualStudioVersion = 10.0.40219.1
Project("{9A19103F-16F7-4668-BE54-9A1E7A4F7556}") = "DesafioPOO", "DesafioPOO.csproj", "{AE4DD870-2F1A-46B7-8EFA-518BABE811CE}"
EndProject
Global
	GlobalSection(SolutionConfigurationPlatforms) = preSolution
		Debug|Any CPU = Debug|Any CPU
		Release|Any CPU = Release|Any CPU
	EndGlobalSection
	GlobalSection(ProjectConfigurationPlatforms) = postSolution
		{AE4DD870-2F1A-46B7-8EFA-518BABE811CE}.Debug|Any CPU.ActiveCfg = Debug|Any CPU
		{AE4DD870-2F1A-46B7-8EFA-518BABE811CE}.Debug|Any CPU.Build.0 = Debug|Any CPU
		{AE4DD870-2F1A-46B7-8EFA-518BABE811CE}.Release|Any CPU.ActiveCfg = Release|Any CPU
		{AE4DD870-2F1A-46B7-8EFA-518BABE811CE}.Release|Any CPU.Build.0 = Release|Any CPU
	EndGlobalSection
	GlobalSection(SolutionProperties) = preSolution
		HideSolutionNode = FALSE
	EndGlobalSection
	GlobalSection(ExtensibilityGlobals) = postSolution
		SolutionGuid = {004D7027-633D-4A24-B51B-FB93D4D79176}
	EndGlobalSection
EndGlobal
